
Microsoft Visual Studio Solution File, Format Version 12.00
# Visual Studio Version 16
VisualStudioVersion = 16.0.29613.14
MinimumVisualStudioVersion = 10.0.40219.1
Project("{9A19103F-16F7-4668-BE54-9A1E7A4F7556}") = "GameOfLife", "GameOfLife\GameOfLife.csproj", "{A0C65FBE-F639-4745-8D74-89F30E1CF9BF}"
EndProject
Project("{2150E333-8FDC-42A3-9474-1A3956D46DE8}") = "Solution Items", "Solution Items", "{A1640EDF-E4EF-40BD-A988-EEF1351CDD78}"
EndProject
Global
	GlobalSection(SolutionConfigurationPlatforms) = preSolution
		Debug|Any CPU = Debug|Any CPU
		Release|Any CPU = Release|Any CPU
	EndGlobalSection
	GlobalSection(ProjectConfigurationPlatforms) = postSolution
		{A0C65FBE-F639-4745-8D74-89F30E1CF9BF}.Debug|Any CPU.ActiveCfg = Debug|Any CPU
		{A0C65FBE-F639-4745-8D74-89F30E1CF9BF}.Debug|Any CPU.Build.0 = Debug|Any CPU
		{A0C65FBE-F639-4745-8D74-89F30E1CF9BF}.Release|Any CPU.ActiveCfg = Release|Any CPU
		{A0C65FBE-F639-4745-8D74-89F30E1CF9BF}.Release|Any CPU.Build.0 = Release|Any CPU
	EndGlobalSection
	GlobalSection(SolutionProperties) = preSolution
		HideSolutionNode = FALSE
	EndGlobalSection
	GlobalSection(ExtensibilityGlobals) = postSolution
		SolutionGuid = {4A356092-DDCC-4BF2-993F-802F81BDFE48}
	EndGlobalSection
EndGlobal
